
Microsoft Visual Studio Solution File, Format Version 12.00
# Visual Studio Version 17
VisualStudioVersion = 17.0.31903.59
MinimumVisualStudioVersion = 10.0.40219.1
Project("{FAE04EC0-301F-11D3-BF4B-00C04F79EFBC}") = "compligenie-backend", "compligenie-backend.csproj", "{209B5103-7CEB-49D8-AB38-20DA077283CF}"
EndProject
Project("{2150E333-8FDC-42A3-9474-1A3956D46DE8}") = "tests", "tests", "{0AB3BF05-4346-4AA6-1389-037BE0695223}"
EndProject
Project("{2150E333-8FDC-42A3-9474-1A3956D46DE8}") = "e2e", "e2e", "{0EB607AC-6329-6575-AD8B-E5558B048B88}"
EndProject
Project("{FAE04EC0-301F-11D3-BF4B-00C04F79EFBC}") = "CompliGenie.E2E.Tests", "tests\e2e\CompliGenie.E2E.Tests.csproj", "{BC5186A2-2995-4C92-A468-9B5CB967A3FE}"
EndProject
Global
	GlobalSection(SolutionConfigurationPlatforms) = preSolution
		Debug|Any CPU = Debug|Any CPU
		Debug|x64 = Debug|x64
		Debug|x86 = Debug|x86
		Release|Any CPU = Release|Any CPU
		Release|x64 = Release|x64
		Release|x86 = Release|x86
	EndGlobalSection
	GlobalSection(ProjectConfigurationPlatforms) = postSolution
		{209B5103-7CEB-49D8-AB38-20DA077283CF}.Debug|Any CPU.ActiveCfg = Debug|Any CPU
		{209B5103-7CEB-49D8-AB38-20DA077283CF}.Debug|Any CPU.Build.0 = Debug|Any CPU
		{209B5103-7CEB-49D8-AB38-20DA077283CF}.Debug|x64.ActiveCfg = Debug|Any CPU
		{209B5103-7CEB-49D8-AB38-20DA077283CF}.Debug|x64.Build.0 = Debug|Any CPU
		{209B5103-7CEB-49D8-AB38-20DA077283CF}.Debug|x86.ActiveCfg = Debug|Any CPU
		{209B5103-7CEB-49D8-AB38-20DA077283CF}.Debug|x86.Build.0 = Debug|Any CPU
		{209B5103-7CEB-49D8-AB38-20DA077283CF}.Release|Any CPU.ActiveCfg = Release|Any CPU
		{209B5103-7CEB-49D8-AB38-20DA077283CF}.Release|Any CPU.Build.0 = Release|Any CPU
		{209B5103-7CEB-49D8-AB38-20DA077283CF}.Release|x64.ActiveCfg = Release|Any CPU
		{209B5103-7CEB-49D8-AB38-20DA077283CF}.Release|x64.Build.0 = Release|Any CPU
		{209B5103-7CEB-49D8-AB38-20DA077283CF}.Release|x86.ActiveCfg = Release|Any CPU
		{209B5103-7CEB-49D8-AB38-20DA077283CF}.Release|x86.Build.0 = Release|Any CPU
		{BC5186A2-2995-4C92-A468-9B5CB967A3FE}.Debug|Any CPU.ActiveCfg = Debug|Any CPU
		{BC5186A2-2995-4C92-A468-9B5CB967A3FE}.Debug|Any CPU.Build.0 = Debug|Any CPU
		{BC5186A2-2995-4C92-A468-9B5CB967A3FE}.Debug|x64.ActiveCfg = Debug|Any CPU
		{BC5186A2-2995-4C92-A468-9B5CB967A3FE}.Debug|x64.Build.0 = Debug|Any CPU
		{BC5186A2-2995-4C92-A468-9B5CB967A3FE}.Debug|x86.ActiveCfg = Debug|Any CPU
		{BC5186A2-2995-4C92-A468-9B5CB967A3FE}.Debug|x86.Build.0 = Debug|Any CPU
		{BC5186A2-2995-4C92-A468-9B5CB967A3FE}.Release|Any CPU.ActiveCfg = Release|Any CPU
		{BC5186A2-2995-4C92-A468-9B5CB967A3FE}.Release|Any CPU.Build.0 = Release|Any CPU
		{BC5186A2-2995-4C92-A468-9B5CB967A3FE}.Release|x64.ActiveCfg = Release|Any CPU
		{BC5186A2-2995-4C92-A468-9B5CB967A3FE}.Release|x64.Build.0 = Release|Any CPU
		{BC5186A2-2995-4C92-A468-9B5CB967A3FE}.Release|x86.ActiveCfg = Release|Any CPU
		{BC5186A2-2995-4C92-A468-9B5CB967A3FE}.Release|x86.Build.0 = Release|Any CPU
	EndGlobalSection
	GlobalSection(SolutionProperties) = preSolution
		HideSolutionNode = FALSE
	EndGlobalSection
	GlobalSection(NestedProjects) = preSolution
		{0EB607AC-6329-6575-AD8B-E5558B048B88} = {0AB3BF05-4346-4AA6-1389-037BE0695223}
		{BC5186A2-2995-4C92-A468-9B5CB967A3FE} = {0EB607AC-6329-6575-AD8B-E5558B048B88}
	EndGlobalSection
EndGlobal
